
Microsoft Visual Studio Solution File, Format Version 12.00
# Visual Studio Version 16
VisualStudioVersion = 16.0.34407.143
MinimumVisualStudioVersion = 10.0.40219.1
Project("{FAE04EC0-301F-11D3-BF4B-00C04F79EFBC}") = "CalculadoraTeste", "CalculadoraTeste\CalculadoraTeste.csproj", "{5532E6BB-CC6F-4346-9961-9B8B37F1CB08}"
EndProject
Project("{FAE04EC0-301F-11D3-BF4B-00C04F79EFBC}") = "Conta", "Calculadora\Conta.csproj", "{76AD5D76-AEB0-4ED4-B785-3D65448970B4}"
EndProject
Project("{FAE04EC0-301F-11D3-BF4B-00C04F79EFBC}") = "ContaTeste.NUnit", "ContaTeste.NUnit\ContaTeste.NUnit.csproj", "{B3FBABF7-DC9F-40D8-8126-A608670A8F57}"
EndProject
Project("{FAE04EC0-301F-11D3-BF4B-00C04F79EFBC}") = "ContaTest.Mock", "ContaTest.Mock\ContaTest.Mock.csproj", "{D01F9AC3-1B19-4522-82C5-381CC6F3A8D1}"
EndProject
Global
	GlobalSection(SolutionConfigurationPlatforms) = preSolution
		Debug|Any CPU = Debug|Any CPU
		Release|Any CPU = Release|Any CPU
	EndGlobalSection
	GlobalSection(ProjectConfigurationPlatforms) = postSolution
		{5532E6BB-CC6F-4346-9961-9B8B37F1CB08}.Debug|Any CPU.ActiveCfg = Debug|Any CPU
		{5532E6BB-CC6F-4346-9961-9B8B37F1CB08}.Debug|Any CPU.Build.0 = Debug|Any CPU
		{5532E6BB-CC6F-4346-9961-9B8B37F1CB08}.Release|Any CPU.ActiveCfg = Release|Any CPU
		{5532E6BB-CC6F-4346-9961-9B8B37F1CB08}.Release|Any CPU.Build.0 = Release|Any CPU
		{76AD5D76-AEB0-4ED4-B785-3D65448970B4}.Debug|Any CPU.ActiveCfg = Debug|Any CPU
		{76AD5D76-AEB0-4ED4-B785-3D65448970B4}.Debug|Any CPU.Build.0 = Debug|Any CPU
		{76AD5D76-AEB0-4ED4-B785-3D65448970B4}.Release|Any CPU.ActiveCfg = Release|Any CPU
		{76AD5D76-AEB0-4ED4-B785-3D65448970B4}.Release|Any CPU.Build.0 = Release|Any CPU
		{B3FBABF7-DC9F-40D8-8126-A608670A8F57}.Debug|Any CPU.ActiveCfg = Debug|Any CPU
		{B3FBABF7-DC9F-40D8-8126-A608670A8F57}.Debug|Any CPU.Build.0 = Debug|Any CPU
		{B3FBABF7-DC9F-40D8-8126-A608670A8F57}.Release|Any CPU.ActiveCfg = Release|Any CPU
		{B3FBABF7-DC9F-40D8-8126-A608670A8F57}.Release|Any CPU.Build.0 = Release|Any CPU
		{D01F9AC3-1B19-4522-82C5-381CC6F3A8D1}.Debug|Any CPU.ActiveCfg = Debug|Any CPU
		{D01F9AC3-1B19-4522-82C5-381CC6F3A8D1}.Debug|Any CPU.Build.0 = Debug|Any CPU
		{D01F9AC3-1B19-4522-82C5-381CC6F3A8D1}.Release|Any CPU.ActiveCfg = Release|Any CPU
		{D01F9AC3-1B19-4522-82C5-381CC6F3A8D1}.Release|Any CPU.Build.0 = Release|Any CPU
	EndGlobalSection
	GlobalSection(SolutionProperties) = preSolution
		HideSolutionNode = FALSE
	EndGlobalSection
	GlobalSection(ExtensibilityGlobals) = postSolution
		SolutionGuid = {E92D55E9-0979-480D-865C-03A7BAC3F351}
	EndGlobalSection
EndGlobal
